
Microsoft Visual Studio Solution File, Format Version 12.00
# Visual Studio Version 16
VisualStudioVersion = 16.0.29911.84
MinimumVisualStudioVersion = 10.0.40219.1
Project("{FAE04EC0-301F-11D3-BF4B-00C04F79EFBC}") = "Calculator.Android", "Calculator.Android\Calculator.Android.csproj", "{5993F16E-486D-4E18-8A54-1F37E8F9FA7B}"
EndProject
Project("{FAE04EC0-301F-11D3-BF4B-00C04F79EFBC}") = "Calculator", "Calculator\Calculator.csproj", "{8AC09A9D-1F61-4304-A6F7-27B4B825E4CF}"
EndProject
Global
	GlobalSection(SolutionConfigurationPlatforms) = preSolution
		Debug|Any CPU = Debug|Any CPU
		Release|Any CPU = Release|Any CPU
	EndGlobalSection
	GlobalSection(ProjectConfigurationPlatforms) = postSolution
		{5993F16E-486D-4E18-8A54-1F37E8F9FA7B}.Debug|Any CPU.ActiveCfg = Debug|Any CPU
		{5993F16E-486D-4E18-8A54-1F37E8F9FA7B}.Debug|Any CPU.Build.0 = Debug|Any CPU
		{5993F16E-486D-4E18-8A54-1F37E8F9FA7B}.Debug|Any CPU.Deploy.0 = Debug|Any CPU
		{5993F16E-486D-4E18-8A54-1F37E8F9FA7B}.Release|Any CPU.ActiveCfg = Release|Any CPU
		{5993F16E-486D-4E18-8A54-1F37E8F9FA7B}.Release|Any CPU.Build.0 = Release|Any CPU
		{5993F16E-486D-4E18-8A54-1F37E8F9FA7B}.Release|Any CPU.Deploy.0 = Release|Any CPU
		{8AC09A9D-1F61-4304-A6F7-27B4B825E4CF}.Debug|Any CPU.ActiveCfg = Debug|Any CPU
		{8AC09A9D-1F61-4304-A6F7-27B4B825E4CF}.Debug|Any CPU.Build.0 = Debug|Any CPU
		{8AC09A9D-1F61-4304-A6F7-27B4B825E4CF}.Debug|Any CPU.Deploy.0 = Debug|Any CPU
		{8AC09A9D-1F61-4304-A6F7-27B4B825E4CF}.Release|Any CPU.ActiveCfg = Release|Any CPU
		{8AC09A9D-1F61-4304-A6F7-27B4B825E4CF}.Release|Any CPU.Build.0 = Release|Any CPU
		{8AC09A9D-1F61-4304-A6F7-27B4B825E4CF}.Release|Any CPU.Deploy.0 = Release|Any CPU
	EndGlobalSection
	GlobalSection(SolutionProperties) = preSolution
		HideSolutionNode = FALSE
	EndGlobalSection
	GlobalSection(ExtensibilityGlobals) = postSolution
		SolutionGuid = {BEDF2D03-B6AB-4937-A6B8-9F6008600E40}
	EndGlobalSection
EndGlobal
